
Microsoft Visual Studio Solution File, Format Version 12.00
# Visual Studio 15
Project("{FAE04EC0-301F-11D3-BF4B-00C04F79EFBC}") = "Assembly-CSharp", "Assembly-CSharp.csproj", "{E59FDEFC-49B5-173E-6A14-5957A5EDB52C}"
EndProject
Project("{FAE04EC0-301F-11D3-BF4B-00C04F79EFBC}") = "Unity.XR.Interaction.Toolkit.Samples.DeviceSimulator", "Unity.XR.Interaction.Toolkit.Samples.DeviceSimulator.csproj", "{E5A410E4-7D51-A9FA-FCF9-147C61D14DDA}"
EndProject
Project("{FAE04EC0-301F-11D3-BF4B-00C04F79EFBC}") = "Unity.XR.Interaction.Toolkit.Samples.StarterAssets", "Unity.XR.Interaction.Toolkit.Samples.StarterAssets.csproj", "{E94264DD-D4A0-A543-B7E0-3101598DF66A}"
EndProject
Project("{FAE04EC0-301F-11D3-BF4B-00C04F79EFBC}") = "Assembly-CSharp-Editor", "Assembly-CSharp-Editor.csproj", "{6F4B1804-E269-A7FC-EAA5-6170C74AC5BE}"
EndProject
Project("{FAE04EC0-301F-11D3-BF4B-00C04F79EFBC}") = "Unity.XR.Interaction.Toolkit.Samples.StarterAssets.Editor", "Unity.XR.Interaction.Toolkit.Samples.StarterAssets.Editor.csproj", "{C73F3086-D5F3-48D2-3D1D-F6EAF1E182EA}"
EndProject
Global
	GlobalSection(SolutionConfigurationPlatforms) = preSolution
		Debug|Any CPU = Debug|Any CPU
		Release|Any CPU = Release|Any CPU
	EndGlobalSection
	GlobalSection(ProjectConfigurationPlatforms) = postSolution
		{E59FDEFC-49B5-173E-6A14-5957A5EDB52C}.Debug|Any CPU.ActiveCfg = Debug|Any CPU
		{E59FDEFC-49B5-173E-6A14-5957A5EDB52C}.Debug|Any CPU.Build.0 = Debug|Any CPU
		{E59FDEFC-49B5-173E-6A14-5957A5EDB52C}.Release|Any CPU.ActiveCfg = Release|Any CPU
		{E59FDEFC-49B5-173E-6A14-5957A5EDB52C}.Release|Any CPU.Build.0 = Release|Any CPU
		{E5A410E4-7D51-A9FA-FCF9-147C61D14DDA}.Debug|Any CPU.ActiveCfg = Debug|Any CPU
		{E5A410E4-7D51-A9FA-FCF9-147C61D14DDA}.Debug|Any CPU.Build.0 = Debug|Any CPU
		{E5A410E4-7D51-A9FA-FCF9-147C61D14DDA}.Release|Any CPU.ActiveCfg = Release|Any CPU
		{E5A410E4-7D51-A9FA-FCF9-147C61D14DDA}.Release|Any CPU.Build.0 = Release|Any CPU
		{E94264DD-D4A0-A543-B7E0-3101598DF66A}.Debug|Any CPU.ActiveCfg = Debug|Any CPU
		{E94264DD-D4A0-A543-B7E0-3101598DF66A}.Debug|Any CPU.Build.0 = Debug|Any CPU
		{E94264DD-D4A0-A543-B7E0-3101598DF66A}.Release|Any CPU.ActiveCfg = Release|Any CPU
		{E94264DD-D4A0-A543-B7E0-3101598DF66A}.Release|Any CPU.Build.0 = Release|Any CPU
		{6F4B1804-E269-A7FC-EAA5-6170C74AC5BE}.Debug|Any CPU.ActiveCfg = Debug|Any CPU
		{6F4B1804-E269-A7FC-EAA5-6170C74AC5BE}.Debug|Any CPU.Build.0 = Debug|Any CPU
		{6F4B1804-E269-A7FC-EAA5-6170C74AC5BE}.Release|Any CPU.ActiveCfg = Release|Any CPU
		{6F4B1804-E269-A7FC-EAA5-6170C74AC5BE}.Release|Any CPU.Build.0 = Release|Any CPU
		{C73F3086-D5F3-48D2-3D1D-F6EAF1E182EA}.Debug|Any CPU.ActiveCfg = Debug|Any CPU
		{C73F3086-D5F3-48D2-3D1D-F6EAF1E182EA}.Debug|Any CPU.Build.0 = Debug|Any CPU
		{C73F3086-D5F3-48D2-3D1D-F6EAF1E182EA}.Release|Any CPU.ActiveCfg = Release|Any CPU
		{C73F3086-D5F3-48D2-3D1D-F6EAF1E182EA}.Release|Any CPU.Build.0 = Release|Any CPU
	EndGlobalSection
	GlobalSection(SolutionProperties) = preSolution
		HideSolutionNode = FALSE
	EndGlobalSection
EndGlobal
